{
    "_readme": [
        "This file locks the dependencies of your project to a known state",
        "Read more about it at https://getcomposer.org/doc/01-basic-usage.md#composer-lock-the-lock-file",
        "This file is @generated automatically"
    ],
    "hash": "6155ab1797e05875a88bb6485742ac4d",
    "content-hash": "16a7421eb329677c56d9d4e9ff36c59a",
    "packages": [
        {
            "name": "sabre/uri",
            "version": "1.2.0",
            "source": {
                "type": "git",
                "url": "https://github.com/fruux/sabre-uri.git",
                "reference": "8545a3335f741d4b7700bb14efb41b4c03775dcd"
            },
            "dist": {
                "type": "zip",
                "url": "https://api.github.com/repos/fruux/sabre-uri/zipball/8545a3335f741d4b7700bb14efb41b4c03775dcd",
                "reference": "8545a3335f741d4b7700bb14efb41b4c03775dcd",
                "shasum": ""
            },
            "require": {
                "php": ">=5.4.7"
            },
            "require-dev": {
                "phpunit/phpunit": "*",
                "sabre/cs": "~1.0.0"
            },
            "type": "library",
            "autoload": {
                "files": [
                    "lib/functions.php"
                ],
                "psr-4": {
                    "Sabre\\Uri\\": "lib/"
                }
            },
            "notification-url": "https://packagist.org/downloads/",
            "license": [
                "BSD-3-Clause"
            ],
            "authors": [
                {
                    "name": "Evert Pot",
                    "email": "me@evertpot.com",
                    "homepage": "http://evertpot.com/",
                    "role": "Developer"
                }
            ],
            "description": "Functions for making sense out of URIs.",
            "homepage": "http://sabre.io/uri/",
            "keywords": [
                "rfc3986",
                "uri",
                "url"
            ],
            "time": "2016-12-07 01:17:59"
        },
        {
            "name": "sabre/vobject",
            "version": "4.1.2",
            "source": {
                "type": "git",
                "url": "https://github.com/fruux/sabre-vobject.git",
                "reference": "d0fde2fafa2a3dad1f559c2d1c2591d4fd75ae3c"
            },
            "dist": {
                "type": "zip",
                "url": "https://api.github.com/repos/fruux/sabre-vobject/zipball/d0fde2fafa2a3dad1f559c2d1c2591d4fd75ae3c",
                "reference": "d0fde2fafa2a3dad1f559c2d1c2591d4fd75ae3c",
                "shasum": ""
            },
            "require": {
                "ext-mbstring": "*",
                "php": ">=5.5",
                "sabre/xml": ">=1.5 <3.0"
            },
            "require-dev": {
                "phpunit/phpunit": "*",
                "sabre/cs": "^1.0.0"
            },
            "suggest": {
                "hoa/bench": "If you would like to run the benchmark scripts"
            },
            "bin": [
                "bin/vobject",
                "bin/generate_vcards"
            ],
            "type": "library",
            "extra": {
                "branch-alias": {
                    "dev-master": "4.0.x-dev"
                }
            },
            "autoload": {
                "psr-4": {
                    "Sabre\\VObject\\": "lib/"
                }
            },
            "notification-url": "https://packagist.org/downloads/",
            "license": [
                "BSD-3-Clause"
            ],
            "authors": [
                {
                    "name": "Evert Pot",
                    "email": "me@evertpot.com",
                    "homepage": "http://evertpot.com/",
                    "role": "Developer"
                },
                {
                    "name": "Dominik Tobschall",
                    "email": "dominik@fruux.com",
                    "homepage": "http://tobschall.de/",
                    "role": "Developer"
                },
                {
                    "name": "Ivan Enderlin",
                    "email": "ivan.enderlin@hoa-project.net",
                    "homepage": "http://mnt.io/",
                    "role": "Developer"
                }
            ],
            "description": "The VObject library for PHP allows you to easily parse and manipulate iCalendar and vCard objects",
            "homepage": "http://sabre.io/vobject/",
            "keywords": [
                "availability",
                "freebusy",
                "iCalendar",
                "ical",
                "ics",
                "jCal",
                "jCard",
                "recurrence",
                "rfc2425",
                "rfc2426",
                "rfc2739",
                "rfc4770",
                "rfc5545",
                "rfc5546",
                "rfc6321",
                "rfc6350",
                "rfc6351",
                "rfc6474",
                "rfc6638",
                "rfc6715",
                "rfc6868",
                "vCalendar",
                "vCard",
                "vcf",
                "xCal",
                "xCard"
            ],
            "time": "2016-12-06 04:14:09"
        },
        {
            "name": "sabre/xml",
            "version": "1.5.0",
            "source": {
                "type": "git",
                "url": "https://github.com/fruux/sabre-xml.git",
                "reference": "59b20e5bbace9912607481634f97d05a776ffca7"
            },
            "dist": {
                "type": "zip",
                "url": "https://api.github.com/repos/fruux/sabre-xml/zipball/59b20e5bbace9912607481634f97d05a776ffca7",
                "reference": "59b20e5bbace9912607481634f97d05a776ffca7",
                "shasum": ""
            },
            "require": {
                "ext-dom": "*",
                "ext-xmlreader": "*",
                "ext-xmlwriter": "*",
                "lib-libxml": ">=2.6.20",
                "php": ">=5.5.5",
                "sabre/uri": ">=1.0,<3.0.0"
            },
            "require-dev": {
                "phpunit/phpunit": "*",
                "sabre/cs": "~1.0.0"
            },
            "type": "library",
            "autoload": {
                "psr-4": {
                    "Sabre\\Xml\\": "lib/"
                },
                "files": [
                    "lib/Deserializer/functions.php",
                    "lib/Serializer/functions.php"
                ]
            },
            "notification-url": "https://packagist.org/downloads/",
            "license": [
                "BSD-3-Clause"
            ],
            "authors": [
                {
                    "name": "Evert Pot",
                    "email": "me@evertpot.com",
                    "homepage": "http://evertpot.com/",
                    "role": "Developer"
                },
                {
                    "name": "Markus Staab",
                    "email": "markus.staab@redaxo.de",
                    "role": "Developer"
                }
            ],
            "description": "sabre/xml is an XML library that you may not hate.",
            "homepage": "https://sabre.io/xml/",
            "keywords": [
                "XMLReader",
                "XMLWriter",
                "dom",
                "xml"
            ],
            "time": "2016-10-09 22:57:52"
        }
    ],
    "packages-dev": [
        {
            "name": "squizlabs/php_codesniffer",
            "version": "2.7.1",
            "source": {
                "type": "git",
                "url": "https://github.com/squizlabs/PHP_CodeSniffer.git",
                "reference": "9b324f3a1132459a7274a0ace2e1b766ba80930f"
            },
            "dist": {
                "type": "zip",
                "url": "https://api.github.com/repos/squizlabs/PHP_CodeSniffer/zipball/9b324f3a1132459a7274a0ace2e1b766ba80930f",
                "reference": "9b324f3a1132459a7274a0ace2e1b766ba80930f",
                "shasum": ""
            },
            "require": {
                "ext-simplexml": "*",
                "ext-tokenizer": "*",
                "ext-xmlwriter": "*",
                "php": ">=5.1.2"
            },
            "require-dev": {
                "phpunit/phpunit": "~4.0"
            },
            "bin": [
                "scripts/phpcs",
                "scripts/phpcbf"
            ],
            "type": "library",
            "extra": {
                "branch-alias": {
                    "dev-master": "2.x-dev"
                }
            },
            "autoload": {
                "classmap": [
                    "CodeSniffer.php",
                    "CodeSniffer/CLI.php",
                    "CodeSniffer/Exception.php",
                    "CodeSniffer/File.php",
                    "CodeSniffer/Fixer.php",
                    "CodeSniffer/Report.php",
                    "CodeSniffer/Reporting.php",
                    "CodeSniffer/Sniff.php",
                    "CodeSniffer/Tokens.php",
                    "CodeSniffer/Reports/",
                    "CodeSniffer/Tokenizers/",
                    "CodeSniffer/DocGenerators/",
                    "CodeSniffer/Standards/AbstractPatternSniff.php",
                    "CodeSniffer/Standards/AbstractScopeSniff.php",
                    "CodeSniffer/Standards/AbstractVariableSniff.php",
                    "CodeSniffer/Standards/IncorrectPatternException.php",
                    "CodeSniffer/Standards/Generic/Sniffs/",
                    "CodeSniffer/Standards/MySource/Sniffs/",
                    "CodeSniffer/Standards/PEAR/Sniffs/",
                    "CodeSniffer/Standards/PSR1/Sniffs/",
                    "CodeSniffer/Standards/PSR2/Sniffs/",
                    "CodeSniffer/Standards/Squiz/Sniffs/",
                    "CodeSniffer/Standards/Zend/Sniffs/"
                ]
            },
            "notification-url": "https://packagist.org/downloads/",
            "license": [
                "BSD-3-Clause"
            ],
            "authors": [
                {
                    "name": "Greg Sherwood",
                    "role": "lead"
                }
            ],
            "description": "PHP_CodeSniffer tokenizes PHP, JavaScript and CSS files and detects violations of a defined set of coding standards.",
            "homepage": "http://www.squizlabs.com/php-codesniffer",
            "keywords": [
                "phpcs",
                "standards"
            ],
            "time": "2016-11-30 04:02:31"
        },
        {
            "name": "wp-coding-standards/wpcs",
            "version": "0.10.0",
            "source": {
                "type": "git",
                "url": "https://github.com/WordPress-Coding-Standards/WordPress-Coding-Standards.git",
                "reference": "b39490465f6fd7375743a395019cd597e12119c9"
            },
            "dist": {
                "type": "zip",
                "url": "https://api.github.com/repos/WordPress-Coding-Standards/WordPress-Coding-Standards/zipball/b39490465f6fd7375743a395019cd597e12119c9",
                "reference": "b39490465f6fd7375743a395019cd597e12119c9",
                "shasum": ""
            },
            "require": {
                "squizlabs/php_codesniffer": "^2.6"
            },
            "type": "library",
            "notification-url": "https://packagist.org/downloads/",
            "license": [
                "MIT"
            ],
            "authors": [
                {
                    "name": "Contributors",
                    "homepage": "https://github.com/WordPress-Coding-Standards/WordPress-Coding-Standards/graphs/contributors"
                }
            ],
            "description": "PHP_CodeSniffer rules (sniffs) to enforce WordPress coding conventions",
            "keywords": [
                "phpcs",
                "standards",
                "wordpress"
            ],
            "time": "2016-08-29 20:04:47"
        }
    ],
    "aliases": [],
    "minimum-stability": "stable",
    "stability-flags": [],
    "prefer-stable": false,
    "prefer-lowest": false,
    "platform": [],
    "platform-dev": []
}
